PODS:
  - Frontend (0.1.0):
    - GCDWebServer (~> 3.3)
    - NSURL+QueryDictionary (~> 1.2)
    - SwiftyJSON (~> 2.3)
  - GCDWebServer (3.3.3):
    - GCDWebServer/Core (= 3.3.3)
  - GCDWebServer/Core (3.3.3)
  - Nimble (3.2.0)
  - NSURL+QueryDictionary (1.2.0)
  - Quick (0.9.3)
  - SwiftyJSON (2.3.2)

DEPENDENCIES:
  - Frontend (from `../`)
  - Nimble (~> 3.0)
  - Quick (~> 0.8)

EXTERNAL SOURCES:
  Frontend:
    :path: "../"

SPEC CHECKSUMS:
  Frontend: 4c02fdc91fe670852ae9f8faabaf5df3a70630ad
  GCDWebServer: 1c39a1f0763e4eb492bee021e4270fce097d3555
  Nimble: 703854335d181df169bbca9c97117b5cf8c47c1d
  NSURL+QueryDictionary: bae616404e2adf6409d3d5c02a093cbf44c8a236
  Quick: 13a2a2b19a5d8e3ed4fd0c36ee46597fd77ebf71
  SwiftyJSON: 04ccea08915aa0109039157c7974cf0298da292a

PODFILE CHECKSUM: b2d3fd0414a24431eddea255b2140f8684b629d3

COCOAPODS: 1.0.0
