PODS:
  - Frontend (0.1.0):
    - NSURL+QueryDictionary (~> 1.2)
    - Swifter (~> 1.2)
    - SwiftyJSON (~> 2.3)
  - Nimble (3.2.0)
  - NSURL+QueryDictionary (1.2.0)
  - Quick (0.9.3)
  - Swifter (1.2.6)
  - SwiftyJSON (2.3.2)

DEPENDENCIES:
  - Frontend (from `../`)
  - Nimble (~> 3.0)
  - Quick (~> 0.8)

EXTERNAL SOURCES:
  Frontend:
    :path: "../"

SPEC CHECKSUMS:
  Frontend: 7255bfc91be95c0739483d4e9ac8fd3f4c219f39
  Nimble: 703854335d181df169bbca9c97117b5cf8c47c1d
  NSURL+QueryDictionary: bae616404e2adf6409d3d5c02a093cbf44c8a236
  Quick: 13a2a2b19a5d8e3ed4fd0c36ee46597fd77ebf71
  Swifter: c6f13d053398f1e2f209c7a394dfd5e863ae0157
  SwiftyJSON: 04ccea08915aa0109039157c7974cf0298da292a

PODFILE CHECKSUM: b2d3fd0414a24431eddea255b2140f8684b629d3

COCOAPODS: 1.0.0
